# This file is generated by running "yarn install" inside your project.
# Manual changes might be lost - proceed with caution!

__metadata:
  version: 8
  cacheKey: 10c0

"@ar-framework/ui@workspace:packages/ui":
  version: 0.0.0-use.local
  resolution: "@ar-framework/ui@workspace:packages/ui"
  dependencies:
    lit: "npm:^3.2.1"
  languageName: unknown
  linkType: soft

"@lit-labs/ssr-dom-shim@npm:^1.2.0":
  version: 1.3.0
  resolution: "@lit-labs/ssr-dom-shim@npm:1.3.0"
  checksum: 10c0/743a9b295ef2f186712f08883da553c9990be291409615309c99aa4946cfe440a184e4213c790c24505c80beb86b9cfecf10b5fb30ce17c83698f8424f48678d
  languageName: node
  linkType: hard

"@lit/reactive-element@npm:^2.0.4":
  version: 2.0.4
  resolution: "@lit/reactive-element@npm:2.0.4"
  dependencies:
    "@lit-labs/ssr-dom-shim": "npm:^1.2.0"
  checksum: 10c0/359cc19ea9ee8b65e1417eb9c12f40dddba8f0a5ab32f0e5facaecee6060629e44eb4ca27d9af945fe6eda8c033aa636abaa5f0c4e6a529b224d78674acf47ba
  languageName: node
  linkType: hard

"@types/trusted-types@npm:^2.0.2":
  version: 2.0.7
  resolution: "@types/trusted-types@npm:2.0.7"
  checksum: 10c0/4c4855f10de7c6c135e0d32ce462419d8abbbc33713b31d294596c0cc34ae1fa6112a2f9da729c8f7a20707782b0d69da3b1f8df6645b0366d08825ca1522e0c
  languageName: node
  linkType: hard

"ar-framework@workspace:.":
  version: 0.0.0-use.local
  resolution: "ar-framework@workspace:."
  dependencies:
    lit: "npm:^3.2.1"
  languageName: unknown
  linkType: soft

"lit-element@npm:^4.1.0":
  version: 4.1.1
  resolution: "lit-element@npm:4.1.1"
  dependencies:
    "@lit-labs/ssr-dom-shim": "npm:^1.2.0"
    "@lit/reactive-element": "npm:^2.0.4"
    lit-html: "npm:^3.2.0"
  checksum: 10c0/b3c6c77d60a8239134d7c7e7c002be48414074f5b42f9ad026216749101a4f948266a4db9110a536fb23914044d584dbe4185c87064a4fa98baa4045ba2bbb46
  languageName: node
  linkType: hard

"lit-html@npm:^3.2.0":
  version: 3.2.1
  resolution: "lit-html@npm:3.2.1"
  dependencies:
    "@types/trusted-types": "npm:^2.0.2"
  checksum: 10c0/31c02df2148bf9a73545570cbe57aae01c4de1d9b44060b6ff13641837d38e39e6b1abcf92e13882cc84f5fee37605ed79602b91ad479728549014462808118e
  languageName: node
  linkType: hard

"lit@npm:^3.2.1":
  version: 3.2.1
  resolution: "lit@npm:3.2.1"
  dependencies:
    "@lit/reactive-element": "npm:^2.0.4"
    lit-element: "npm:^4.1.0"
    lit-html: "npm:^3.2.0"
  checksum: 10c0/064a31459fe54ad052c0685d058dd5aef089ddc97a247888ef91a0356dfef60c8cc531e48077bbd2cb4e9f48cb86f0ff0951bb535f1d9f144d2351f253291f66
  languageName: node
  linkType: hard
